
Microsoft Visual Studio Solution File, Format Version 12.00
# Visual Studio Version 17
VisualStudioVersion = 17.2.32602.215
MinimumVisualStudioVersion = 10.0.40219.1
Project("{9A19103F-16F7-4668-BE54-9A1E7A4F7556}") = "WcfDBClient", "WcfDBClient\WcfDBClient.csproj", "{533AB02C-B200-4255-883F-1735FDDC57A2}"
EndProject
Project("{FAE04EC0-301F-11D3-BF4B-00C04F79EFBC}") = "WcfFileClient", "WcfFileClient\WcfFileClient.csproj", "{E0C2B667-48E4-4474-B1F8-7EE85042072E}"
EndProject
Global
	GlobalSection(SolutionConfigurationPlatforms) = preSolution
		Debug|Any CPU = Debug|Any CPU
		Release|Any CPU = Release|Any CPU
	EndGlobalSection
	GlobalSection(ProjectConfigurationPlatforms) = postSolution
		{533AB02C-B200-4255-883F-1735FDDC57A2}.Debug|Any CPU.ActiveCfg = Debug|Any CPU
		{533AB02C-B200-4255-883F-1735FDDC57A2}.Debug|Any CPU.Build.0 = Debug|Any CPU
		{533AB02C-B200-4255-883F-1735FDDC57A2}.Release|Any CPU.ActiveCfg = Release|Any CPU
		{533AB02C-B200-4255-883F-1735FDDC57A2}.Release|Any CPU.Build.0 = Release|Any CPU
		{E0C2B667-48E4-4474-B1F8-7EE85042072E}.Debug|Any CPU.ActiveCfg = Debug|Any CPU
		{E0C2B667-48E4-4474-B1F8-7EE85042072E}.Debug|Any CPU.Build.0 = Debug|Any CPU
		{E0C2B667-48E4-4474-B1F8-7EE85042072E}.Release|Any CPU.ActiveCfg = Release|Any CPU
		{E0C2B667-48E4-4474-B1F8-7EE85042072E}.Release|Any CPU.Build.0 = Release|Any CPU
	EndGlobalSection
	GlobalSection(SolutionProperties) = preSolution
		HideSolutionNode = FALSE
	EndGlobalSection
	GlobalSection(ExtensibilityGlobals) = postSolution
		SolutionGuid = {97E977A0-57A6-47F1-9CB8-44E1FCD36844}
	EndGlobalSection
EndGlobal
